
Microsoft Visual Studio Solution File, Format Version 12.00
# Visual Studio Version 17
VisualStudioVersion = 17.5.001.0
MinimumVisualStudioVersion = 10.0.40219.1
Project("{2150E333-8FDC-42A3-9474-1A3956D46DE8}") = "Lection", "Lection", "{69B89B89-2C58-4861-A435-30391D45796A}"
EndProject
Project("{2150E333-8FDC-42A3-9474-1A3956D46DE8}") = "Lesson_1", "Lesson_1", "{4CD49FDF-FA03-40E5-9CF2-AB1AF4F71393}"
EndProject
Project("{9A19103F-16F7-4668-BE54-9A1E7A4F7556}") = "Del", "Lection\Lesson_1\Del\Del.csproj", "{4FEC6B5B-63B2-4A82-B11C-7E91EDD944B0}"
EndProject
Project("{9A19103F-16F7-4668-BE54-9A1E7A4F7556}") = "Example", "Lection\Lesson_1\Example\Example.csproj", "{300D8C93-FAA9-4ECC-B92F-610A15A0839B}"
EndProject
Project("{9A19103F-16F7-4668-BE54-9A1E7A4F7556}") = "Random", "Lection\Lesson_1\Random\Random.csproj", "{3D2DD48B-E083-412F-AB9B-1641304A5803}"
EndProject
Project("{9A19103F-16F7-4668-BE54-9A1E7A4F7556}") = "Sum", "Lection\Lesson_1\Sum\Sum.csproj", "{ABDC5C0C-8ABA-4047-ACDD-4B9EC8058D40}"
EndProject
Project("{9A19103F-16F7-4668-BE54-9A1E7A4F7556}") = "User", "Lection\Lesson_1\User\User.csproj", "{EBFEBE98-5E1A-472B-A89B-686116F63923}"
EndProject
Project("{2150E333-8FDC-42A3-9474-1A3956D46DE8}") = "Seminar", "Seminar", "{7967E2DF-1ADC-42E6-9572-61A9130FC4C3}"
EndProject
Project("{2150E333-8FDC-42A3-9474-1A3956D46DE8}") = "HM_1", "HM_1", "{96FA4165-94AB-44F3-B850-2D427B9394E8}"
EndProject
Project("{9A19103F-16F7-4668-BE54-9A1E7A4F7556}") = "Task_1", "Seminar\HM_1\Task_1\Task_1.csproj", "{3F51A0B3-EC9E-4E35-835A-B856E3903902}"
EndProject
Project("{2150E333-8FDC-42A3-9474-1A3956D46DE8}") = "Lesson_1", "Lesson_1", "{A7D2E61F-B441-4897-8135-2FC85080DBB6}"
EndProject
Project("{9A19103F-16F7-4668-BE54-9A1E7A4F7556}") = "Task_1", "Seminar\Lesson_1\Task_1\Task_1.csproj", "{6949F9B4-9AAE-45E6-A44F-DA7D2C187637}"
EndProject
Project("{2150E333-8FDC-42A3-9474-1A3956D46DE8}") = "Task_1 (1)", "Task_1", "{04686662-62C1-487F-8A3D-EB70926CCF0F}"
EndProject
Project("{9A19103F-16F7-4668-BE54-9A1E7A4F7556}") = "Task_2_if_else", "Seminar\Lesson_1\Task_1\Task_2_if_else\Task_2_if_else.csproj", "{F0B68822-3122-4E1F-938E-718578FB4287}"
EndProject
Global
	GlobalSection(SolutionConfigurationPlatforms) = preSolution
		Debug|Any CPU = Debug|Any CPU
		Release|Any CPU = Release|Any CPU
	EndGlobalSection
	GlobalSection(ProjectConfigurationPlatforms) = postSolution
		{4FEC6B5B-63B2-4A82-B11C-7E91EDD944B0}.Debug|Any CPU.ActiveCfg = Debug|Any CPU
		{4FEC6B5B-63B2-4A82-B11C-7E91EDD944B0}.Debug|Any CPU.Build.0 = Debug|Any CPU
		{4FEC6B5B-63B2-4A82-B11C-7E91EDD944B0}.Release|Any CPU.ActiveCfg = Release|Any CPU
		{4FEC6B5B-63B2-4A82-B11C-7E91EDD944B0}.Release|Any CPU.Build.0 = Release|Any CPU
		{300D8C93-FAA9-4ECC-B92F-610A15A0839B}.Debug|Any CPU.ActiveCfg = Debug|Any CPU
		{300D8C93-FAA9-4ECC-B92F-610A15A0839B}.Debug|Any CPU.Build.0 = Debug|Any CPU
		{300D8C93-FAA9-4ECC-B92F-610A15A0839B}.Release|Any CPU.ActiveCfg = Release|Any CPU
		{300D8C93-FAA9-4ECC-B92F-610A15A0839B}.Release|Any CPU.Build.0 = Release|Any CPU
		{3D2DD48B-E083-412F-AB9B-1641304A5803}.Debug|Any CPU.ActiveCfg = Debug|Any CPU
		{3D2DD48B-E083-412F-AB9B-1641304A5803}.Debug|Any CPU.Build.0 = Debug|Any CPU
		{3D2DD48B-E083-412F-AB9B-1641304A5803}.Release|Any CPU.ActiveCfg = Release|Any CPU
		{3D2DD48B-E083-412F-AB9B-1641304A5803}.Release|Any CPU.Build.0 = Release|Any CPU
		{ABDC5C0C-8ABA-4047-ACDD-4B9EC8058D40}.Debug|Any CPU.ActiveCfg = Debug|Any CPU
		{ABDC5C0C-8ABA-4047-ACDD-4B9EC8058D40}.Debug|Any CPU.Build.0 = Debug|Any CPU
		{ABDC5C0C-8ABA-4047-ACDD-4B9EC8058D40}.Release|Any CPU.ActiveCfg = Release|Any CPU
		{ABDC5C0C-8ABA-4047-ACDD-4B9EC8058D40}.Release|Any CPU.Build.0 = Release|Any CPU
		{EBFEBE98-5E1A-472B-A89B-686116F63923}.Debug|Any CPU.ActiveCfg = Debug|Any CPU
		{EBFEBE98-5E1A-472B-A89B-686116F63923}.Debug|Any CPU.Build.0 = Debug|Any CPU
		{EBFEBE98-5E1A-472B-A89B-686116F63923}.Release|Any CPU.ActiveCfg = Release|Any CPU
		{EBFEBE98-5E1A-472B-A89B-686116F63923}.Release|Any CPU.Build.0 = Release|Any CPU
		{3F51A0B3-EC9E-4E35-835A-B856E3903902}.Debug|Any CPU.ActiveCfg = Debug|Any CPU
		{3F51A0B3-EC9E-4E35-835A-B856E3903902}.Debug|Any CPU.Build.0 = Debug|Any CPU
		{3F51A0B3-EC9E-4E35-835A-B856E3903902}.Release|Any CPU.ActiveCfg = Release|Any CPU
		{3F51A0B3-EC9E-4E35-835A-B856E3903902}.Release|Any CPU.Build.0 = Release|Any CPU
		{6949F9B4-9AAE-45E6-A44F-DA7D2C187637}.Debug|Any CPU.ActiveCfg = Debug|Any CPU
		{6949F9B4-9AAE-45E6-A44F-DA7D2C187637}.Debug|Any CPU.Build.0 = Debug|Any CPU
		{6949F9B4-9AAE-45E6-A44F-DA7D2C187637}.Release|Any CPU.ActiveCfg = Release|Any CPU
		{6949F9B4-9AAE-45E6-A44F-DA7D2C187637}.Release|Any CPU.Build.0 = Release|Any CPU
		{F0B68822-3122-4E1F-938E-718578FB4287}.Debug|Any CPU.ActiveCfg = Debug|Any CPU
		{F0B68822-3122-4E1F-938E-718578FB4287}.Debug|Any CPU.Build.0 = Debug|Any CPU
		{F0B68822-3122-4E1F-938E-718578FB4287}.Release|Any CPU.ActiveCfg = Release|Any CPU
		{F0B68822-3122-4E1F-938E-718578FB4287}.Release|Any CPU.Build.0 = Release|Any CPU
	EndGlobalSection
	GlobalSection(SolutionProperties) = preSolution
		HideSolutionNode = FALSE
	EndGlobalSection
	GlobalSection(NestedProjects) = preSolution
		{4CD49FDF-FA03-40E5-9CF2-AB1AF4F71393} = {69B89B89-2C58-4861-A435-30391D45796A}
		{4FEC6B5B-63B2-4A82-B11C-7E91EDD944B0} = {4CD49FDF-FA03-40E5-9CF2-AB1AF4F71393}
		{300D8C93-FAA9-4ECC-B92F-610A15A0839B} = {4CD49FDF-FA03-40E5-9CF2-AB1AF4F71393}
		{3D2DD48B-E083-412F-AB9B-1641304A5803} = {4CD49FDF-FA03-40E5-9CF2-AB1AF4F71393}
		{ABDC5C0C-8ABA-4047-ACDD-4B9EC8058D40} = {4CD49FDF-FA03-40E5-9CF2-AB1AF4F71393}
		{EBFEBE98-5E1A-472B-A89B-686116F63923} = {4CD49FDF-FA03-40E5-9CF2-AB1AF4F71393}
		{96FA4165-94AB-44F3-B850-2D427B9394E8} = {7967E2DF-1ADC-42E6-9572-61A9130FC4C3}
		{3F51A0B3-EC9E-4E35-835A-B856E3903902} = {96FA4165-94AB-44F3-B850-2D427B9394E8}
		{A7D2E61F-B441-4897-8135-2FC85080DBB6} = {7967E2DF-1ADC-42E6-9572-61A9130FC4C3}
		{6949F9B4-9AAE-45E6-A44F-DA7D2C187637} = {A7D2E61F-B441-4897-8135-2FC85080DBB6}
		{04686662-62C1-487F-8A3D-EB70926CCF0F} = {A7D2E61F-B441-4897-8135-2FC85080DBB6}
		{F0B68822-3122-4E1F-938E-718578FB4287} = {04686662-62C1-487F-8A3D-EB70926CCF0F}
	EndGlobalSection
	GlobalSection(ExtensibilityGlobals) = postSolution
		SolutionGuid = {9EACC296-D15E-4FCE-B685-0EB4100C84FB}
	EndGlobalSection
EndGlobal
